PODS:
  - AudioKit (4.3):
    - AudioKit/UI (= 4.3)
  - AudioKit/UI (4.3)
  - SwiftyJSON (4.1.0)

DEPENDENCIES:
  - AudioKit (~> 4.3)
  - SwiftyJSON (~> 4.1)

SPEC REPOS:
  https://github.com/cocoapods/specs.git:
    - AudioKit
    - SwiftyJSON

SPEC CHECKSUMS:
  AudioKit: 95bd2427c1afa7954d71b0c6195a09b87b7448bc
  SwiftyJSON: c29297daf073d2aa016295d5809cdd68045c39b3

PODFILE CHECKSUM: 4eefe4ccacfddc4ec01685ced7ca9f1ffbc6ead3

COCOAPODS: 1.5.3
